
Microsoft Visual Studio Solution File, Format Version 12.00
# Visual Studio Version 17
VisualStudioVersion = 17.12.35527.113
MinimumVisualStudioVersion = 10.0.40219.1
Project("{FAE04EC0-301F-11D3-BF4B-00C04F79EFBC}") = "SSC.EShop.API", "SSC.EShop.API\SSC.EShop.API.csproj", "{1D1FD376-E37C-4BF8-80C4-D4D2B2CA82D3}"
EndProject
Project("{FAE04EC0-301F-11D3-BF4B-00C04F79EFBC}") = "SSC.EShop.Core", "SSC.EShop.Core\SSC.EShop.Core.csproj", "{4063B296-6BE3-4AC6-BA00-B2FC9AC8CCC4}"
EndProject
Project("{FAE04EC0-301F-11D3-BF4B-00C04F79EFBC}") = "SSC.Eshop.Business", "SSC.Eshop.Business\SSC.Eshop.Business.csproj", "{4D5FE682-1F44-4C2E-99BA-CA0522B0E85B}"
EndProject
Project("{FAE04EC0-301F-11D3-BF4B-00C04F79EFBC}") = "SSC.EShop.Infrastructure", "SSC.EShop.Infrastructure\SSC.EShop.Infrastructure.csproj", "{50ADAE73-CDAC-4C50-86EA-CEC41E23F2B5}"
EndProject
Global
	GlobalSection(SolutionConfigurationPlatforms) = preSolution
		Debug|Any CPU = Debug|Any CPU
		Release|Any CPU = Release|Any CPU
	EndGlobalSection
	GlobalSection(ProjectConfigurationPlatforms) = postSolution
		{1D1FD376-E37C-4BF8-80C4-D4D2B2CA82D3}.Debug|Any CPU.ActiveCfg = Debug|Any CPU
		{1D1FD376-E37C-4BF8-80C4-D4D2B2CA82D3}.Debug|Any CPU.Build.0 = Debug|Any CPU
		{1D1FD376-E37C-4BF8-80C4-D4D2B2CA82D3}.Release|Any CPU.ActiveCfg = Release|Any CPU
		{1D1FD376-E37C-4BF8-80C4-D4D2B2CA82D3}.Release|Any CPU.Build.0 = Release|Any CPU
		{4063B296-6BE3-4AC6-BA00-B2FC9AC8CCC4}.Debug|Any CPU.ActiveCfg = Debug|Any CPU
		{4063B296-6BE3-4AC6-BA00-B2FC9AC8CCC4}.Debug|Any CPU.Build.0 = Debug|Any CPU
		{4063B296-6BE3-4AC6-BA00-B2FC9AC8CCC4}.Release|Any CPU.ActiveCfg = Release|Any CPU
		{4063B296-6BE3-4AC6-BA00-B2FC9AC8CCC4}.Release|Any CPU.Build.0 = Release|Any CPU
		{4D5FE682-1F44-4C2E-99BA-CA0522B0E85B}.Debug|Any CPU.ActiveCfg = Debug|Any CPU
		{4D5FE682-1F44-4C2E-99BA-CA0522B0E85B}.Debug|Any CPU.Build.0 = Debug|Any CPU
		{4D5FE682-1F44-4C2E-99BA-CA0522B0E85B}.Release|Any CPU.ActiveCfg = Release|Any CPU
		{4D5FE682-1F44-4C2E-99BA-CA0522B0E85B}.Release|Any CPU.Build.0 = Release|Any CPU
		{50ADAE73-CDAC-4C50-86EA-CEC41E23F2B5}.Debug|Any CPU.ActiveCfg = Debug|Any CPU
		{50ADAE73-CDAC-4C50-86EA-CEC41E23F2B5}.Debug|Any CPU.Build.0 = Debug|Any CPU
		{50ADAE73-CDAC-4C50-86EA-CEC41E23F2B5}.Release|Any CPU.ActiveCfg = Release|Any CPU
		{50ADAE73-CDAC-4C50-86EA-CEC41E23F2B5}.Release|Any CPU.Build.0 = Release|Any CPU
	EndGlobalSection
	GlobalSection(SolutionProperties) = preSolution
		HideSolutionNode = FALSE
	EndGlobalSection
EndGlobal
